Microsoft Visual Studio Solution File, Format Version 12.00
# Visual Studio Version 17
VisualStudioVersion = 17.5.2.0
MinimumVisualStudioVersion = 10.0.40219.1
Project("{FAE04EC0-301F-11D3-BF4B-00C04F79EFBC}") = "MyCookBookApi", "MyCookBookApi.csproj", "{11706FFC-1CD6-D999-F0A8-41AB3E62912D}"
EndProject
Global
	GlobalSection(SolutionConfigurationPlatforms) = preSolution
		Debug|Any CPU = Debug|Any CPU
		Release|Any CPU = Release|Any CPU
	EndGlobalSection
	GlobalSection(ProjectConfigurationPlatforms) = postSolution
		{11706FFC-1CD6-D999-F0A8-41AB3E62912D}.Debug|Any CPU.ActiveCfg = Debug|Any CPU
		{11706FFC-1CD6-D999-F0A8-41AB3E62912D}.Debug|Any CPU.Build.0 = Debug|Any CPU
		{11706FFC-1CD6-D999-F0A8-41AB3E62912D}.Release|Any CPU.ActiveCfg = Release|Any CPU
		{11706FFC-1CD6-D999-F0A8-41AB3E62912D}.Release|Any CPU.Build.0 = Release|Any CPU
	EndGlobalSection
	GlobalSection(SolutionProperties) = preSolution
		HideSolutionNode = FALSE
	EndGlobalSection
	GlobalSection(ExtensibilityGlobals) = postSolution
		SolutionGuid = {EED81FE7-1551-4F83-9C32-385B5E736A2B}
	EndGlobalSection
EndGlobal
